
Microsoft Visual Studio Solution File, Format Version 12.00
# Visual Studio Version 16
VisualStudioVersion = 16.0.30011.22
MinimumVisualStudioVersion = 10.0.40219.1
Project("{FAE04EC0-301F-11D3-BF4B-00C04F79EFBC}") = "Producer", "Producer\Producer.csproj", "{A424D3DA-7FB2-4384-9679-F62E1C38E915}"
EndProject
Project("{FAE04EC0-301F-11D3-BF4B-00C04F79EFBC}") = "Consumer", "Consumer\Consumer.csproj", "{2B18B71A-B121-4E9C-B49C-0BF60747DE65}"
EndProject
Global
	GlobalSection(SolutionConfigurationPlatforms) = preSolution
		Debug|Any CPU = Debug|Any CPU
		Release|Any CPU = Release|Any CPU
	EndGlobalSection
	GlobalSection(ProjectConfigurationPlatforms) = postSolution
		{A424D3DA-7FB2-4384-9679-F62E1C38E915}.Debug|Any CPU.ActiveCfg = Debug|Any CPU
		{A424D3DA-7FB2-4384-9679-F62E1C38E915}.Debug|Any CPU.Build.0 = Debug|Any CPU
		{A424D3DA-7FB2-4384-9679-F62E1C38E915}.Release|Any CPU.ActiveCfg = Release|Any CPU
		{A424D3DA-7FB2-4384-9679-F62E1C38E915}.Release|Any CPU.Build.0 = Release|Any CPU
		{2B18B71A-B121-4E9C-B49C-0BF60747DE65}.Debug|Any CPU.ActiveCfg = Debug|Any CPU
		{2B18B71A-B121-4E9C-B49C-0BF60747DE65}.Debug|Any CPU.Build.0 = Debug|Any CPU
		{2B18B71A-B121-4E9C-B49C-0BF60747DE65}.Release|Any CPU.ActiveCfg = Release|Any CPU
		{2B18B71A-B121-4E9C-B49C-0BF60747DE65}.Release|Any CPU.Build.0 = Release|Any CPU
	EndGlobalSection
	GlobalSection(SolutionProperties) = preSolution
		HideSolutionNode = FALSE
	EndGlobalSection
	GlobalSection(ExtensibilityGlobals) = postSolution
		SolutionGuid = {7F5FA6AF-964F-4653-ADA1-0640282CF5C1}
	EndGlobalSection
EndGlobal
